// !$*UTF8*$!
{
	archiveVersion = 1;
	classes = {
	};
	objectVersion = 60;
	objects = {

/* Begin PBXBuildFile section */
		01F0D0E604D640DA92756A26 /* CategoriesView.swift in Sources */ = {isa = PBXBuildFile; fileRef = 61768F2ED84A441D866C2DF0 /* CategoriesView.swift */; };
		0B20AAF0328E47ABBF3CDF24 /* AussieStartApp.swift in Sources */ = {isa = PBXBuildFile; fileRef = 863068D1ACF4495EB1C3FFF6 /* AussieStartApp.swift */; };
		0DFBA5573BF940EF91DE2453 /* banking-open-account.md in Resources */ = {isa = PBXBuildFile; fileRef = B020CAA1AD354769A0E89935 /* banking-open-account.md */; };
		0E904E8A65C041DE9CFAA076 /* Localizable.strings in Resources */ = {isa = PBXBuildFile; fileRef = 411A62D25C2148FF9D4D959D /* Localizable.strings */; };
		1C5B3470095C4C73BCA909FA /* ArticleDetailView.swift in Sources */ = {isa = PBXBuildFile; fileRef = AB10B33D9E0E4C91B446D056 /* ArticleDetailView.swift */; };
		2AC4ACAF0C634B94A49C262B /* sim-setup.md in Resources */ = {isa = PBXBuildFile; fileRef = 9CB445DF48F14540AFC32DB3 /* sim-setup.md */; };
		2AD219991B3A4D769761BB4F /* transport-card.md in Resources */ = {isa = PBXBuildFile; fileRef = 6CE363C01C8F468FBF3FAA60 /* transport-card.md */; };
		36456BA792364F07BE60248D /* jobs-basics.md in Resources */ = {isa = PBXBuildFile; fileRef = F8FBF16167AA43CEBD439D5F /* jobs-basics.md */; };
		3649CA5252CF465DBC67D508 /* AppCopy.swift in Sources */ = {isa = PBXBuildFile; fileRef = C53E0F907A7B489498BBB2E3 /* AppCopy.swift */; };
		398E7FE9844F4B54AE874603 /* OnboardingFlowView.swift in Sources */ = {isa = PBXBuildFile; fileRef = 8F58B2E16CFA4F30B8C21C31 /* OnboardingFlowView.swift */; };
		444E9DF81AF649CF9759832A /* students-oshc.md in Resources */ = {isa = PBXBuildFile; fileRef = D32B1C14D29F441C97D68191 /* students-oshc.md */; };
		4A8A553FBBAB4FDCB05B1AA3 /* Foundation+AussieStart.swift in Sources */ = {isa = PBXBuildFile; fileRef = 72C678CA3A2C4E1E887C5D59 /* Foundation+AussieStart.swift */; };
		4B048D4D95CB4091A74E28C0 /* SettingsView.swift in Sources */ = {isa = PBXBuildFile; fileRef = 13F28D7EB9224D0D94B6D9A8 /* SettingsView.swift */; };
		541CC37CC0D54AF080DBDC1F /* SearchView.swift in Sources */ = {isa = PBXBuildFile; fileRef = F599D8BE0742417A95555942 /* SearchView.swift */; };
		567EA58A8E5747D8A380C60E /* Localizable.strings in Resources */ = {isa = PBXBuildFile; fileRef = FA123401518448DA91A89673 /* Localizable.strings */; };
		5C897A7AC39D47F8A8CC4CF3 /* SwiftDataModels.swift in Sources */ = {isa = PBXBuildFile; fileRef = 810B8AB61E324900BA105075 /* SwiftDataModels.swift */; };
		5F3BC162AD7B4C49B6FC1DBD /* arrival-airport.md in Resources */ = {isa = PBXBuildFile; fileRef = 519D414023D04FB5BFF50644 /* arrival-airport.md */; };
		5FFFD98F8A564BE3B7DC7BFE /* family-immunisation.md in Resources */ = {isa = PBXBuildFile; fileRef = 666DB8111F72496087BAEBBB /* family-immunisation.md */; };
		695D7EC2FF0C493F86C2A6C4 /* LocalSearchEngine.swift in Sources */ = {isa = PBXBuildFile; fileRef = 1AB32EC9FEFF48C89523CF4F /* LocalSearchEngine.swift */; };
		76EC7963375442098B5BC761 /* housing-rent.md in Resources */ = {isa = PBXBuildFile; fileRef = 8E845F4036774623BB8BE425 /* housing-rent.md */; };
		77F006C754CA4F67BD902558 /* family-childcare.md in Resources */ = {isa = PBXBuildFile; fileRef = 3BC4E12FB1324B8CA9B1399B /* family-childcare.md */; };
		799E0969E07E4E719B8CB36C /* ContentLoader.swift in Sources */ = {isa = PBXBuildFile; fileRef = 16CA984C240849BB8F6E476E /* ContentLoader.swift */; };
		7AC7F72459D94A6FA2908C87 /* AboutView.swift in Sources */ = {isa = PBXBuildFile; fileRef = 992FD1BE819541B788F2A2AD /* AboutView.swift */; };
		7AEC56FCC3DA4FE192517826 /* JourneyView.swift in Sources */ = {isa = PBXBuildFile; fileRef = D2EB2E3373D04779961BA82B /* JourneyView.swift */; };
		7F69CB1658E4440C93F0E63C /* family-schools.md in Resources */ = {isa = PBXBuildFile; fileRef = A1451532D76D4B378268BB00 /* family-schools.md */; };
		8033837939B045DAB3EEA89A /* PrivacyInfo.xcprivacy in Resources */ = {isa = PBXBuildFile; fileRef = 0928DB5B8D774EE5A9066423 /* PrivacyInfo.xcprivacy */; };
		8F293D3C860240D699CE6FE0 /* UserPreferences.swift in Sources */ = {isa = PBXBuildFile; fileRef = E42BFE1C407F4FAFA500A9B7 /* UserPreferences.swift */; };
		9127DF0EBFDF4EC78B104C18 /* medicare-gp.md in Resources */ = {isa = PBXBuildFile; fileRef = D51DF8D7F63C4FC6A05D65C1 /* medicare-gp.md */; };
		9D66A8F9F21844F1804BD106 /* catalog.json in Resources */ = {isa = PBXBuildFile; fileRef = 42D2EAEA21E1450C95A84D95 /* catalog.json */; };
		AAD0A9EF07414F6B8D135F37 /* HomeView.swift in Sources */ = {isa = PBXBuildFile; fileRef = B06465C258C34EAC8FEF70F4 /* HomeView.swift */; };
		AFB3D4CE374B4610B6445684 /* tfn-apply.md in Resources */ = {isa = PBXBuildFile; fileRef = 86E097C38F5F474DB77A468E /* tfn-apply.md */; };
		B0759B882BBF40D38E26DBD1 /* SharedComponents.swift in Sources */ = {isa = PBXBuildFile; fileRef = D28872BEA0004A01B6071C82 /* SharedComponents.swift */; };
		BD432FD80C7B4DA2BF978618 /* Assets.xcassets in Resources */ = {isa = PBXBuildFile; fileRef = EFC2E513067644DFBC32D476 /* Assets.xcassets */; };
		C3CC311520ED404D88313BE7 /* Localizable.strings in Resources */ = {isa = PBXBuildFile; fileRef = C21CB053CF42410AA68313CD /* Localizable.strings */; };
		C82D7EB8BAFF4DCEA74F5241 /* AppEnums.swift in Sources */ = {isa = PBXBuildFile; fileRef = 57B525D566DB4C8888DFDC89 /* AppEnums.swift */; };
		C9ACCB4339D34047A0224A2F /* emergency-contacts.md in Resources */ = {isa = PBXBuildFile; fileRef = 2445BB939500448784CA11B0 /* emergency-contacts.md */; };
		D09C6E3F18D74D7D9A41A191 /* BookmarksView.swift in Sources */ = {isa = PBXBuildFile; fileRef = B1EE7FF67DAE48A0A7239193 /* BookmarksView.swift */; };
		D0FD6C7AF9E04567ACCC383A /* driving-licence.md in Resources */ = {isa = PBXBuildFile; fileRef = 0B81DE900A1B4387A0D0131C /* driving-licence.md */; };
		D3EAD69A9EA14521817CB30B /* MarkdownDocumentView.swift in Sources */ = {isa = PBXBuildFile; fileRef = 7154C3C545EE4CC78165E98D /* MarkdownDocumentView.swift */; };
		DC531F678FB64084A9C390C8 /* family-centrelink.md in Resources */ = {isa = PBXBuildFile; fileRef = 8EFD8A09DAED414EBE8212A1 /* family-centrelink.md */; };
		E10A45ACAF7D43CCBF873DCF /* ChecklistView.swift in Sources */ = {isa = PBXBuildFile; fileRef = 2369AE5A6C33401E8D08A998 /* ChecklistView.swift */; };
		E3F95193BC3845B1B50545F4 /* RootView.swift in Sources */ = {isa = PBXBuildFile; fileRef = 0B9DEE405B624124BD62BBED /* RootView.swift */; };
		E6B5F5C2CA3247599C53ED44 /* ContentModels.swift in Sources */ = {isa = PBXBuildFile; fileRef = B864FB6565AA458A89E7CF5B /* ContentModels.swift */; };
		E858A569A458437182D3898E /* Repositories.swift in Sources */ = {isa = PBXBuildFile; fileRef = 99AB4FB8651B4529AF43F161 /* Repositories.swift */; };
		EB7618D39D1644AE95642BDC /* AppTheme.swift in Sources */ = {isa = PBXBuildFile; fileRef = ECF98281A34547D8BFF341EB /* AppTheme.swift */; };
		F2A9AFA3D82C41CDAB1A9670 /* shopping-essentials.md in Resources */ = {isa = PBXBuildFile; fileRef = A220BF07D2AA47CC941ACD15 /* shopping-essentials.md */; };
/* End PBXBuildFile section */

/* Begin PBXFileReference section */
		0928DB5B8D774EE5A9066423 /* PrivacyInfo.xcprivacy */ = {isa = PBXFileReference; lastKnownFileType = text.xml; path = PrivacyInfo.xcprivacy; sourceTree = "<group>"; };
		0B81DE900A1B4387A0D0131C /* driving-licence.md */ = {isa = PBXFileReference; lastKnownFileType = net.daringfireball.markdown; path = "driving-licence.md"; sourceTree = "<group>"; };
		0B9DEE405B624124BD62BBED /* RootView.swift */ = {isa = PBXFileReference; lastKnownFileType = sourcecode.swift; path = RootView.swift; sourceTree = "<group>"; };
		13F28D7EB9224D0D94B6D9A8 /* SettingsView.swift */ = {isa = PBXFileReference; lastKnownFileType = sourcecode.swift; path = SettingsView.swift; sourceTree = "<group>"; };
		16CA984C240849BB8F6E476E /* ContentLoader.swift */ = {isa = PBXFileReference; lastKnownFileType = sourcecode.swift; path = ContentLoader.swift; sourceTree = "<group>"; };
		1AB32EC9FEFF48C89523CF4F /* LocalSearchEngine.swift */ = {isa = PBXFileReference; lastKnownFileType = sourcecode.swift; path = LocalSearchEngine.swift; sourceTree = "<group>"; };
		2369AE5A6C33401E8D08A998 /* ChecklistView.swift */ = {isa = PBXFileReference; lastKnownFileType = sourcecode.swift; path = ChecklistView.swift; sourceTree = "<group>"; };
		2445BB939500448784CA11B0 /* emergency-contacts.md */ = {isa = PBXFileReference; lastKnownFileType = net.daringfireball.markdown; path = "emergency-contacts.md"; sourceTree = "<group>"; };
		2A702EAFD136448AB41D4740 /* AussieStart.app */ = {isa = PBXFileReference; explicitFileType = wrapper.application; includeInIndex = 0; path = AussieStart.app; sourceTree = BUILT_PRODUCTS_DIR; };
		3BC4E12FB1324B8CA9B1399B /* family-childcare.md */ = {isa = PBXFileReference; lastKnownFileType = net.daringfireball.markdown; path = "family-childcare.md"; sourceTree = "<group>"; };
		411A62D25C2148FF9D4D959D /* Localizable.strings */ = {isa = PBXFileReference; lastKnownFileType = text.plist.strings; path = Localizable.strings; sourceTree = "<group>"; };
		42D2EAEA21E1450C95A84D95 /* catalog.json */ = {isa = PBXFileReference; lastKnownFileType = text.json; path = catalog.json; sourceTree = "<group>"; };
		519D414023D04FB5BFF50644 /* arrival-airport.md */ = {isa = PBXFileReference; lastKnownFileType = net.daringfireball.markdown; path = "arrival-airport.md"; sourceTree = "<group>"; };
		57B525D566DB4C8888DFDC89 /* AppEnums.swift */ = {isa = PBXFileReference; lastKnownFileType = sourcecode.swift; path = AppEnums.swift; sourceTree = "<group>"; };
		61768F2ED84A441D866C2DF0 /* CategoriesView.swift */ = {isa = PBXFileReference; lastKnownFileType = sourcecode.swift; path = CategoriesView.swift; sourceTree = "<group>"; };
		666DB8111F72496087BAEBBB /* family-immunisation.md */ = {isa = PBXFileReference; lastKnownFileType = net.daringfireball.markdown; path = "family-immunisation.md"; sourceTree = "<group>"; };
		6CE363C01C8F468FBF3FAA60 /* transport-card.md */ = {isa = PBXFileReference; lastKnownFileType = net.daringfireball.markdown; path = "transport-card.md"; sourceTree = "<group>"; };
		7154C3C545EE4CC78165E98D /* MarkdownDocumentView.swift */ = {isa = PBXFileReference; lastKnownFileType = sourcecode.swift; path = MarkdownDocumentView.swift; sourceTree = "<group>"; };
		72C678CA3A2C4E1E887C5D59 /* Foundation+AussieStart.swift */ = {isa = PBXFileReference; lastKnownFileType = sourcecode.swift; path = "Foundation+AussieStart.swift"; sourceTree = "<group>"; };
		810B8AB61E324900BA105075 /* SwiftDataModels.swift */ = {isa = PBXFileReference; lastKnownFileType = sourcecode.swift; path = SwiftDataModels.swift; sourceTree = "<group>"; };
		863068D1ACF4495EB1C3FFF6 /* AussieStartApp.swift */ = {isa = PBXFileReference; lastKnownFileType = sourcecode.swift; path = AussieStartApp.swift; sourceTree = "<group>"; };
		86E097C38F5F474DB77A468E /* tfn-apply.md */ = {isa = PBXFileReference; lastKnownFileType = net.daringfireball.markdown; path = "tfn-apply.md"; sourceTree = "<group>"; };
		8E845F4036774623BB8BE425 /* housing-rent.md */ = {isa = PBXFileReference; lastKnownFileType = net.daringfireball.markdown; path = "housing-rent.md"; sourceTree = "<group>"; };
		8EFD8A09DAED414EBE8212A1 /* family-centrelink.md */ = {isa = PBXFileReference; lastKnownFileType = net.daringfireball.markdown; path = "family-centrelink.md"; sourceTree = "<group>"; };
		8F58B2E16CFA4F30B8C21C31 /* OnboardingFlowView.swift */ = {isa = PBXFileReference; lastKnownFileType = sourcecode.swift; path = OnboardingFlowView.swift; sourceTree = "<group>"; };
		992FD1BE819541B788F2A2AD /* AboutView.swift */ = {isa = PBXFileReference; lastKnownFileType = sourcecode.swift; path = AboutView.swift; sourceTree = "<group>"; };
		99AB4FB8651B4529AF43F161 /* Repositories.swift */ = {isa = PBXFileReference; lastKnownFileType = sourcecode.swift; path = Repositories.swift; sourceTree = "<group>"; };
		9CB445DF48F14540AFC32DB3 /* sim-setup.md */ = {isa = PBXFileReference; lastKnownFileType = net.daringfireball.markdown; path = "sim-setup.md"; sourceTree = "<group>"; };
		A1451532D76D4B378268BB00 /* family-schools.md */ = {isa = PBXFileReference; lastKnownFileType = net.daringfireball.markdown; path = "family-schools.md"; sourceTree = "<group>"; };
		A220BF07D2AA47CC941ACD15 /* shopping-essentials.md */ = {isa = PBXFileReference; lastKnownFileType = net.daringfireball.markdown; path = "shopping-essentials.md"; sourceTree = "<group>"; };
		AB10B33D9E0E4C91B446D056 /* ArticleDetailView.swift */ = {isa = PBXFileReference; lastKnownFileType = sourcecode.swift; path = ArticleDetailView.swift; sourceTree = "<group>"; };
		B020CAA1AD354769A0E89935 /* banking-open-account.md */ = {isa = PBXFileReference; lastKnownFileType = net.daringfireball.markdown; path = "banking-open-account.md"; sourceTree = "<group>"; };
		B06465C258C34EAC8FEF70F4 /* HomeView.swift */ = {isa = PBXFileReference; lastKnownFileType = sourcecode.swift; path = HomeView.swift; sourceTree = "<group>"; };
		B1EE7FF67DAE48A0A7239193 /* BookmarksView.swift */ = {isa = PBXFileReference; lastKnownFileType = sourcecode.swift; path = BookmarksView.swift; sourceTree = "<group>"; };
		B864FB6565AA458A89E7CF5B /* ContentModels.swift */ = {isa = PBXFileReference; lastKnownFileType = sourcecode.swift; path = ContentModels.swift; sourceTree = "<group>"; };
		C1391637AF6A4E8E9A8E929A /* Info.plist */ = {isa = PBXFileReference; lastKnownFileType = text.plist.xml; path = Info.plist; sourceTree = "<group>"; };
		C21CB053CF42410AA68313CD /* Localizable.strings */ = {isa = PBXFileReference; lastKnownFileType = text.plist.strings; path = Localizable.strings; sourceTree = "<group>"; };
		C53E0F907A7B489498BBB2E3 /* AppCopy.swift */ = {isa = PBXFileReference; lastKnownFileType = sourcecode.swift; path = AppCopy.swift; sourceTree = "<group>"; };
		D28872BEA0004A01B6071C82 /* SharedComponents.swift */ = {isa = PBXFileReference; lastKnownFileType = sourcecode.swift; path = SharedComponents.swift; sourceTree = "<group>"; };
		D2EB2E3373D04779961BA82B /* JourneyView.swift */ = {isa = PBXFileReference; lastKnownFileType = sourcecode.swift; path = JourneyView.swift; sourceTree = "<group>"; };
		D32B1C14D29F441C97D68191 /* students-oshc.md */ = {isa = PBXFileReference; lastKnownFileType = net.daringfireball.markdown; path = "students-oshc.md"; sourceTree = "<group>"; };
		D51DF8D7F63C4FC6A05D65C1 /* medicare-gp.md */ = {isa = PBXFileReference; lastKnownFileType = net.daringfireball.markdown; path = "medicare-gp.md"; sourceTree = "<group>"; };
		E42BFE1C407F4FAFA500A9B7 /* UserPreferences.swift */ = {isa = PBXFileReference; lastKnownFileType = sourcecode.swift; path = UserPreferences.swift; sourceTree = "<group>"; };
		ECF98281A34547D8BFF341EB /* AppTheme.swift */ = {isa = PBXFileReference; lastKnownFileType = sourcecode.swift; path = AppTheme.swift; sourceTree = "<group>"; };
		EFC2E513067644DFBC32D476 /* Assets.xcassets */ = {isa = PBXFileReference; lastKnownFileType = folder.assetcatalog; path = Assets.xcassets; sourceTree = "<group>"; };
		F599D8BE0742417A95555942 /* SearchView.swift */ = {isa = PBXFileReference; lastKnownFileType = sourcecode.swift; path = SearchView.swift; sourceTree = "<group>"; };
		F8FBF16167AA43CEBD439D5F /* jobs-basics.md */ = {isa = PBXFileReference; lastKnownFileType = net.daringfireball.markdown; path = "jobs-basics.md"; sourceTree = "<group>"; };
		FA123401518448DA91A89673 /* Localizable.strings */ = {isa = PBXFileReference; lastKnownFileType = text.plist.strings; path = Localizable.strings; sourceTree = "<group>"; };
/* End PBXFileReference section */

/* Begin PBXFrameworksBuildPhase section */
		2DD09C3DBD364974ACE056E9 /* Frameworks */ = {
			isa = PBXFrameworksBuildPhase;
			buildActionMask = 2147483647;
			files = (
			);
			runOnlyForDeploymentPostprocessing = 0;
		};
/* End PBXFrameworksBuildPhase section */

/* Begin PBXGroup section */
		0159824FD1634EE38FCD85EF /* About */ = {
			isa = PBXGroup;
			children = (
				992FD1BE819541B788F2A2AD /* AboutView.swift */,
			);
			path = About;
			sourceTree = "<group>";
		};
		02134D5396944DB3A8B83862 /* Article */ = {
			isa = PBXGroup;
			children = (
				AB10B33D9E0E4C91B446D056 /* ArticleDetailView.swift */,
			);
			path = Article;
			sourceTree = "<group>";
		};
		0E209120327949D4A481A74C /* Categories */ = {
			isa = PBXGroup;
			children = (
				61768F2ED84A441D866C2DF0 /* CategoriesView.swift */,
			);
			path = Categories;
			sourceTree = "<group>";
		};
		1B6FABAD881A457293F6576B /* Core */ = {
			isa = PBXGroup;
			children = (
			);
			path = Core;
			sourceTree = "<group>";
		};
		21B4D7897EFE46EAA2D42B42 /* Search */ = {
			isa = PBXGroup;
			children = (
				F599D8BE0742417A95555942 /* SearchView.swift */,
			);
			path = Search;
			sourceTree = "<group>";
		};
		38283840BA764A509E2AC61E /* pa.lproj */ = {
			isa = PBXGroup;
			children = (
				411A62D25C2148FF9D4D959D /* Localizable.strings */,
			);
			path = pa.lproj;
			sourceTree = "<group>";
		};
		386164ECA7C94DBB9237AEDC /* Resources */ = {
			isa = PBXGroup;
			children = (
				AB35BDC27F07497697008068 /* Content */,
				E38CB3EEF4E44F88A39F79BF /* Localization */,
			);
			path = Resources;
			sourceTree = "<group>";
		};
		39A5C441B58547DDBACBCD2A /* AussieStart */ = {
			isa = PBXGroup;
			children = (
				ABE17EAAC9F44E0F9AD7A06F /* App */,
				EFC2E513067644DFBC32D476 /* Assets.xcassets */,
				A511AE423580425ABEFE8C12 /* Components */,
				1B6FABAD881A457293F6576B /* Core */,
				5F4324FD79624A4083A0A8B0 /* Extensions */,
				C09A4FAD7AB043D587398A1E /* Features */,
				3D52A4AB884B4FD3B94B3F88 /* Models */,
				E4F31E1276BF48FE9D424BCE /* Repositories */,
				386164ECA7C94DBB9237AEDC /* Resources */,
				C339194FCFBE4047AC623169 /* Services */,
				93B28C0A8B7E4BF294FECCD7 /* Utilities */,
				C1391637AF6A4E8E9A8E929A /* Info.plist */,
				0928DB5B8D774EE5A9066423 /* PrivacyInfo.xcprivacy */,
			);
			path = AussieStart;
			sourceTree = "<group>";
		};
		3D52A4AB884B4FD3B94B3F88 /* Models */ = {
			isa = PBXGroup;
			children = (
				57B525D566DB4C8888DFDC89 /* AppEnums.swift */,
				B864FB6565AA458A89E7CF5B /* ContentModels.swift */,
				810B8AB61E324900BA105075 /* SwiftDataModels.swift */,
			);
			path = Models;
			sourceTree = "<group>";
		};
		498BE8B187E246AFA6648E4A = {
			isa = PBXGroup;
			children = (
				39A5C441B58547DDBACBCD2A /* AussieStart */,
				BA61DA383A3D45F68B1C2FE9 /* Products */,
			);
			sourceTree = "<group>";
		};
		58CEC6721AED4C548D2F3923 /* Bookmarks */ = {
			isa = PBXGroup;
			children = (
				B1EE7FF67DAE48A0A7239193 /* BookmarksView.swift */,
			);
			path = Bookmarks;
			sourceTree = "<group>";
		};
		58EBC56F2333401E82460D0F /* Journey */ = {
			isa = PBXGroup;
			children = (
				D2EB2E3373D04779961BA82B /* JourneyView.swift */,
			);
			path = Journey;
			sourceTree = "<group>";
		};
		5F4324FD79624A4083A0A8B0 /* Extensions */ = {
			isa = PBXGroup;
			children = (
				72C678CA3A2C4E1E887C5D59 /* Foundation+AussieStart.swift */,
			);
			path = Extensions;
			sourceTree = "<group>";
		};
		81F4085C35EE4E518A2E2798 /* en.lproj */ = {
			isa = PBXGroup;
			children = (
				C21CB053CF42410AA68313CD /* Localizable.strings */,
			);
			path = en.lproj;
			sourceTree = "<group>";
		};
		83ECC054A97140FFB389079B /* Home */ = {
			isa = PBXGroup;
			children = (
				B06465C258C34EAC8FEF70F4 /* HomeView.swift */,
			);
			path = Home;
			sourceTree = "<group>";
		};
		93B28C0A8B7E4BF294FECCD7 /* Utilities */ = {
			isa = PBXGroup;
			children = (
				C53E0F907A7B489498BBB2E3 /* AppCopy.swift */,
			);
			path = Utilities;
			sourceTree = "<group>";
		};
		996A10B8713743B58A905CE6 /* hi.lproj */ = {
			isa = PBXGroup;
			children = (
				FA123401518448DA91A89673 /* Localizable.strings */,
			);
			path = hi.lproj;
			sourceTree = "<group>";
		};
		9E6C63A3419D44C2BD607C3C /* articles */ = {
			isa = PBXGroup;
			children = (
				519D414023D04FB5BFF50644 /* arrival-airport.md */,
				B020CAA1AD354769A0E89935 /* banking-open-account.md */,
				0B81DE900A1B4387A0D0131C /* driving-licence.md */,
				2445BB939500448784CA11B0 /* emergency-contacts.md */,
				8EFD8A09DAED414EBE8212A1 /* family-centrelink.md */,
				3BC4E12FB1324B8CA9B1399B /* family-childcare.md */,
				666DB8111F72496087BAEBBB /* family-immunisation.md */,
				A1451532D76D4B378268BB00 /* family-schools.md */,
				8E845F4036774623BB8BE425 /* housing-rent.md */,
				F8FBF16167AA43CEBD439D5F /* jobs-basics.md */,
				D51DF8D7F63C4FC6A05D65C1 /* medicare-gp.md */,
				A220BF07D2AA47CC941ACD15 /* shopping-essentials.md */,
				9CB445DF48F14540AFC32DB3 /* sim-setup.md */,
				D32B1C14D29F441C97D68191 /* students-oshc.md */,
				86E097C38F5F474DB77A468E /* tfn-apply.md */,
				6CE363C01C8F468FBF3FAA60 /* transport-card.md */,
			);
			path = articles;
			sourceTree = "<group>";
		};
		A511AE423580425ABEFE8C12 /* Components */ = {
			isa = PBXGroup;
			children = (
				7154C3C545EE4CC78165E98D /* MarkdownDocumentView.swift */,
				D28872BEA0004A01B6071C82 /* SharedComponents.swift */,
			);
			path = Components;
			sourceTree = "<group>";
		};
		AB35BDC27F07497697008068 /* Content */ = {
			isa = PBXGroup;
			children = (
				9E6C63A3419D44C2BD607C3C /* articles */,
				D1EF9CD51E5F4CFF887BCB3F /* states */,
				42D2EAEA21E1450C95A84D95 /* catalog.json */,
			);
			path = Content;
			sourceTree = "<group>";
		};
		ABE17EAAC9F44E0F9AD7A06F /* App */ = {
			isa = PBXGroup;
			children = (
				ECF98281A34547D8BFF341EB /* AppTheme.swift */,
				863068D1ACF4495EB1C3FFF6 /* AussieStartApp.swift */,
				0B9DEE405B624124BD62BBED /* RootView.swift */,
			);
			path = App;
			sourceTree = "<group>";
		};
		BA61DA383A3D45F68B1C2FE9 /* Products */ = {
			isa = PBXGroup;
			children = (
				2A702EAFD136448AB41D4740 /* AussieStart.app */,
			);
			name = Products;
			sourceTree = "<group>";
		};
		C05102184F2D4334B668D811 /* Settings */ = {
			isa = PBXGroup;
			children = (
				13F28D7EB9224D0D94B6D9A8 /* SettingsView.swift */,
			);
			path = Settings;
			sourceTree = "<group>";
		};
		C09A4FAD7AB043D587398A1E /* Features */ = {
			isa = PBXGroup;
			children = (
				0159824FD1634EE38FCD85EF /* About */,
				02134D5396944DB3A8B83862 /* Article */,
				58CEC6721AED4C548D2F3923 /* Bookmarks */,
				0E209120327949D4A481A74C /* Categories */,
				C4564A1FF4804D5392F28F3C /* Checklist */,
				83ECC054A97140FFB389079B /* Home */,
				58EBC56F2333401E82460D0F /* Journey */,
				E3798AE3EE8F46D68628DFD8 /* Onboarding */,
				21B4D7897EFE46EAA2D42B42 /* Search */,
				C05102184F2D4334B668D811 /* Settings */,
			);
			path = Features;
			sourceTree = "<group>";
		};
		C339194FCFBE4047AC623169 /* Services */ = {
			isa = PBXGroup;
			children = (
				16CA984C240849BB8F6E476E /* ContentLoader.swift */,
				1AB32EC9FEFF48C89523CF4F /* LocalSearchEngine.swift */,
				E42BFE1C407F4FAFA500A9B7 /* UserPreferences.swift */,
			);
			path = Services;
			sourceTree = "<group>";
		};
		C4564A1FF4804D5392F28F3C /* Checklist */ = {
			isa = PBXGroup;
			children = (
				2369AE5A6C33401E8D08A998 /* ChecklistView.swift */,
			);
			path = Checklist;
			sourceTree = "<group>";
		};
		D1EF9CD51E5F4CFF887BCB3F /* states */ = {
			isa = PBXGroup;
			children = (
			);
			path = states;
			sourceTree = "<group>";
		};
		E3798AE3EE8F46D68628DFD8 /* Onboarding */ = {
			isa = PBXGroup;
			children = (
				8F58B2E16CFA4F30B8C21C31 /* OnboardingFlowView.swift */,
			);
			path = Onboarding;
			sourceTree = "<group>";
		};
		E38CB3EEF4E44F88A39F79BF /* Localization */ = {
			isa = PBXGroup;
			children = (
				81F4085C35EE4E518A2E2798 /* en.lproj */,
				996A10B8713743B58A905CE6 /* hi.lproj */,
				38283840BA764A509E2AC61E /* pa.lproj */,
			);
			path = Localization;
			sourceTree = "<group>";
		};
		E4F31E1276BF48FE9D424BCE /* Repositories */ = {
			isa = PBXGroup;
			children = (
				99AB4FB8651B4529AF43F161 /* Repositories.swift */,
			);
			path = Repositories;
			sourceTree = "<group>";
		};
/* End PBXGroup section */

/* Begin PBXNativeTarget section */
		490584D5B4D1409C85CF90EE /* AussieStart */ = {
			isa = PBXNativeTarget;
			buildConfigurationList = 0013C0FA14E944FB92340D06 /* Build configuration list for PBXNativeTarget "AussieStart" */;
			buildPhases = (
				307B7686E4F84DA9B85452D4 /* Sources */,
				2DD09C3DBD364974ACE056E9 /* Frameworks */,
				6F53F5C298904BFC998294DE /* Resources */,
			);
			buildRules = (
			);
			dependencies = (
			);
			name = AussieStart;
			productName = AussieStart;
			productReference = 2A702EAFD136448AB41D4740 /* AussieStart.app */;
			productType = "com.apple.product-type.application";
		};
/* End PBXNativeTarget section */

/* Begin PBXProject section */
		0E852B7EC3C84D61ACFA734F /* Project object */ = {
			isa = PBXProject;
			attributes = {
				BuildIndependentTargetsInParallel = 1;
				LastSwiftUpdateCheck = 1600;
				LastUpgradeCheck = 1600;
				TargetAttributes = {
					490584D5B4D1409C85CF90EE = {
						CreatedOnToolsVersion = 16.0;
					};
				};
			};
			buildConfigurationList = C503CDE3C4944EE6A6107851 /* Build configuration list for PBXProject "AussieStart" */;
			compatibilityVersion = "Xcode 15.0";
			developmentRegion = en;
			hasScannedForEncodings = 0;
			knownRegions = (
				en,
				Base,
				hi,
				pa,
			);
			mainGroup = 498BE8B187E246AFA6648E4A;
			productRefGroup = BA61DA383A3D45F68B1C2FE9 /* Products */;
			projectDirPath = "";
			projectRoot = "";
			targets = (
				490584D5B4D1409C85CF90EE /* AussieStart */,
			);
		};
/* End PBXProject section */

/* Begin PBXResourcesBuildPhase section */
		6F53F5C298904BFC998294DE /* Resources */ = {
			isa = PBXResourcesBuildPhase;
			buildActionMask = 2147483647;
			files = (
				BD432FD80C7B4DA2BF978618 /* Assets.xcassets in Resources */,
				8033837939B045DAB3EEA89A /* PrivacyInfo.xcprivacy in Resources */,
				9D66A8F9F21844F1804BD106 /* catalog.json in Resources */,
				5F3BC162AD7B4C49B6FC1DBD /* arrival-airport.md in Resources */,
				0DFBA5573BF940EF91DE2453 /* banking-open-account.md in Resources */,
				D0FD6C7AF9E04567ACCC383A /* driving-licence.md in Resources */,
				C9ACCB4339D34047A0224A2F /* emergency-contacts.md in Resources */,
				DC531F678FB64084A9C390C8 /* family-centrelink.md in Resources */,
				77F006C754CA4F67BD902558 /* family-childcare.md in Resources */,
				5FFFD98F8A564BE3B7DC7BFE /* family-immunisation.md in Resources */,
				7F69CB1658E4440C93F0E63C /* family-schools.md in Resources */,
				76EC7963375442098B5BC761 /* housing-rent.md in Resources */,
				36456BA792364F07BE60248D /* jobs-basics.md in Resources */,
				9127DF0EBFDF4EC78B104C18 /* medicare-gp.md in Resources */,
				F2A9AFA3D82C41CDAB1A9670 /* shopping-essentials.md in Resources */,
				2AC4ACAF0C634B94A49C262B /* sim-setup.md in Resources */,
				444E9DF81AF649CF9759832A /* students-oshc.md in Resources */,
				AFB3D4CE374B4610B6445684 /* tfn-apply.md in Resources */,
				2AD219991B3A4D769761BB4F /* transport-card.md in Resources */,
				C3CC311520ED404D88313BE7 /* Localizable.strings in Resources */,
				567EA58A8E5747D8A380C60E /* Localizable.strings in Resources */,
				0E904E8A65C041DE9CFAA076 /* Localizable.strings in Resources */,
			);
			runOnlyForDeploymentPostprocessing = 0;
		};
/* End PBXResourcesBuildPhase section */

/* Begin PBXSourcesBuildPhase section */
		307B7686E4F84DA9B85452D4 /* Sources */ = {
			isa = PBXSourcesBuildPhase;
			buildActionMask = 2147483647;
			files = (
				EB7618D39D1644AE95642BDC /* AppTheme.swift in Sources */,
				0B20AAF0328E47ABBF3CDF24 /* AussieStartApp.swift in Sources */,
				E3F95193BC3845B1B50545F4 /* RootView.swift in Sources */,
				D3EAD69A9EA14521817CB30B /* MarkdownDocumentView.swift in Sources */,
				B0759B882BBF40D38E26DBD1 /* SharedComponents.swift in Sources */,
				4A8A553FBBAB4FDCB05B1AA3 /* Foundation+AussieStart.swift in Sources */,
				7AC7F72459D94A6FA2908C87 /* AboutView.swift in Sources */,
				1C5B3470095C4C73BCA909FA /* ArticleDetailView.swift in Sources */,
				D09C6E3F18D74D7D9A41A191 /* BookmarksView.swift in Sources */,
				01F0D0E604D640DA92756A26 /* CategoriesView.swift in Sources */,
				E10A45ACAF7D43CCBF873DCF /* ChecklistView.swift in Sources */,
				AAD0A9EF07414F6B8D135F37 /* HomeView.swift in Sources */,
				7AEC56FCC3DA4FE192517826 /* JourneyView.swift in Sources */,
				398E7FE9844F4B54AE874603 /* OnboardingFlowView.swift in Sources */,
				541CC37CC0D54AF080DBDC1F /* SearchView.swift in Sources */,
				4B048D4D95CB4091A74E28C0 /* SettingsView.swift in Sources */,
				C82D7EB8BAFF4DCEA74F5241 /* AppEnums.swift in Sources */,
				E6B5F5C2CA3247599C53ED44 /* ContentModels.swift in Sources */,
				5C897A7AC39D47F8A8CC4CF3 /* SwiftDataModels.swift in Sources */,
				E858A569A458437182D3898E /* Repositories.swift in Sources */,
				799E0969E07E4E719B8CB36C /* ContentLoader.swift in Sources */,
				695D7EC2FF0C493F86C2A6C4 /* LocalSearchEngine.swift in Sources */,
				8F293D3C860240D699CE6FE0 /* UserPreferences.swift in Sources */,
				3649CA5252CF465DBC67D508 /* AppCopy.swift in Sources */,
			);
			runOnlyForDeploymentPostprocessing = 0;
		};
/* End PBXSourcesBuildPhase section */

/* Begin XCBuildConfiguration section */
		21775462A3504166B12CE8DC /* Release */ = {
			isa = XCBuildConfiguration;
			buildSettings = {
				ASSETCATALOG_COMPILER_APPICON_NAME = AppIcon;
				ASSETCATALOG_COMPILER_GLOBAL_ACCENT_COLOR_NAME = AccentColor;
				CODE_SIGN_STYLE = Automatic;
				CURRENT_PROJECT_VERSION = 1;
				DEVELOPMENT_TEAM = 6757XQF27Y;
				ENABLE_PREVIEWS = YES;
				GENERATE_INFOPLIST_FILE = YES;
				INFOPLIST_FILE = AussieStart/Info.plist;
				INFOPLIST_KEY_CFBundleDisplayName = AussieStart;
				INFOPLIST_KEY_LSApplicationCategoryType = "public.app-category.reference";
				INFOPLIST_KEY_UIApplicationSceneManifest_Generation = YES;
				INFOPLIST_KEY_UILaunchScreen_Generation = YES;
				INFOPLIST_KEY_UISupportedInterfaceOrientations = UIInterfaceOrientationPortrait;
				LD_RUNPATH_SEARCH_PATHS = (
					"$(inherited)",
					"@executable_path/Frameworks",
				);
				MARKETING_VERSION = 1.0.0;
				PRODUCT_BUNDLE_IDENTIFIER = com.aussiestart.app;
				PRODUCT_NAME = "$(TARGET_NAME)";
				SUPPORTED_PLATFORMS = "iphoneos iphonesimulator";
				SUPPORTS_MACCATALYST = NO;
				SWIFT_EMIT_LOC_STRINGS = YES;
				SWIFT_STRICT_CONCURRENCY = targeted;
				SWIFT_VERSION = 5.0;
				TARGETED_DEVICE_FAMILY = 1;
			};
			name = Release;
		};
		27A314C17C864F31B4CA38A2 /* Debug */ = {
			isa = XCBuildConfiguration;
			buildSettings = {
				ASSETCATALOG_COMPILER_APPICON_NAME = AppIcon;
				ASSETCATALOG_COMPILER_GLOBAL_ACCENT_COLOR_NAME = AccentColor;
				CODE_SIGN_STYLE = Automatic;
				CURRENT_PROJECT_VERSION = 1;
				DEVELOPMENT_TEAM = 6757XQF27Y;
				ENABLE_PREVIEWS = YES;
				GENERATE_INFOPLIST_FILE = YES;
				INFOPLIST_FILE = AussieStart/Info.plist;
				INFOPLIST_KEY_CFBundleDisplayName = AussieStart;
				INFOPLIST_KEY_LSApplicationCategoryType = "public.app-category.reference";
				INFOPLIST_KEY_UIApplicationSceneManifest_Generation = YES;
				INFOPLIST_KEY_UILaunchScreen_Generation = YES;
				INFOPLIST_KEY_UISupportedInterfaceOrientations = UIInterfaceOrientationPortrait;
				LD_RUNPATH_SEARCH_PATHS = (
					"$(inherited)",
					"@executable_path/Frameworks",
				);
				MARKETING_VERSION = 1.0.0;
				PRODUCT_BUNDLE_IDENTIFIER = com.aussiestart.app;
				PRODUCT_NAME = "$(TARGET_NAME)";
				SUPPORTED_PLATFORMS = "iphoneos iphonesimulator";
				SUPPORTS_MACCATALYST = NO;
				SWIFT_EMIT_LOC_STRINGS = YES;
				SWIFT_STRICT_CONCURRENCY = targeted;
				SWIFT_VERSION = 5.0;
				TARGETED_DEVICE_FAMILY = 1;
			};
			name = Debug;
		};
		6FDC0F4339544D6AA249D802 /* Release */ = {
			isa = XCBuildConfiguration;
			buildSettings = {
				ALWAYS_SEARCH_USER_PATHS = NO;
				CLANG_ENABLE_MODULES = YES;
				CLANG_ENABLE_OBJC_ARC = YES;
				COPY_PHASE_STRIP = NO;
				DEBUG_INFORMATION_FORMAT = "dwarf-with-dsym";
				ENABLE_STRICT_OBJC_MSGSEND = YES;
				GCC_C_LANGUAGE_STANDARD = gnu17;
				IPHONEOS_DEPLOYMENT_TARGET = 17.0;
				SDKROOT = iphoneos;
				SWIFT_COMPILATION_MODE = wholemodule;
				SWIFT_VERSION = 5.0;
				VALIDATE_PRODUCT = YES;
			};
			name = Release;
		};
		FEE64B3F9B864EA088CC44CB /* Debug */ = {
			isa = XCBuildConfiguration;
			buildSettings = {
				ALWAYS_SEARCH_USER_PATHS = NO;
				CLANG_ENABLE_MODULES = YES;
				CLANG_ENABLE_OBJC_ARC = YES;
				COPY_PHASE_STRIP = NO;
				DEBUG_INFORMATION_FORMAT = dwarf;
				ENABLE_STRICT_OBJC_MSGSEND = YES;
				GCC_C_LANGUAGE_STANDARD = gnu17;
				GCC_DYNAMIC_NO_PIC = NO;
				IPHONEOS_DEPLOYMENT_TARGET = 17.0;
				ONLY_ACTIVE_ARCH = YES;
				SDKROOT = iphoneos;
				SWIFT_ACTIVE_COMPILATION_CONDITIONS = DEBUG;
				SWIFT_OPTIMIZATION_LEVEL = "-Onone";
				SWIFT_VERSION = 5.0;
			};
			name = Debug;
		};
/* End XCBuildConfiguration section */

/* Begin XCConfigurationList section */
		0013C0FA14E944FB92340D06 /* Build configuration list for PBXNativeTarget "AussieStart" */ = {
			isa = XCConfigurationList;
			buildConfigurations = (
				27A314C17C864F31B4CA38A2 /* Debug */,
				21775462A3504166B12CE8DC /* Release */,
			);
			defaultConfigurationIsVisible = 0;
			defaultConfigurationName = Release;
		};
		C503CDE3C4944EE6A6107851 /* Build configuration list for PBXProject "AussieStart" */ = {
			isa = XCConfigurationList;
			buildConfigurations = (
				FEE64B3F9B864EA088CC44CB /* Debug */,
				6FDC0F4339544D6AA249D802 /* Release */,
			);
			defaultConfigurationIsVisible = 0;
			defaultConfigurationName = Release;
		};
/* End XCConfigurationList section */
	};
	rootObject = 0E852B7EC3C84D61ACFA734F /* Project object */;
}
